
Microsoft Visual Studio Solution File, Format Version 12.00
# Visual Studio Version 16
VisualStudioVersion = 16.0.30517.126
MinimumVisualStudioVersion = 10.0.40219.1
Project("{FAE04EC0-301F-11D3-BF4B-00C04F79EFBC}") = "Blog", "Blog.csproj", "{498504AD-BAF4-4046-9F1F-193CF58E080B}"
EndProject
Global
	GlobalSection(SolutionConfigurationPlatforms) = preSolution
		Debug|Any CPU = Debug|Any CPU
		Release|Any CPU = Release|Any CPU
	EndGlobalSection
	GlobalSection(ProjectConfigurationPlatforms) = postSolution
		{498504AD-BAF4-4046-9F1F-193CF58E080B}.Debug|Any CPU.ActiveCfg = Debug|Any CPU
		{498504AD-BAF4-4046-9F1F-193CF58E080B}.Debug|Any CPU.Build.0 = Debug|Any CPU
		{498504AD-BAF4-4046-9F1F-193CF58E080B}.Release|Any CPU.ActiveCfg = Release|Any CPU
		{498504AD-BAF4-4046-9F1F-193CF58E080B}.Release|Any CPU.Build.0 = Release|Any CPU
	EndGlobalSection
	GlobalSection(SolutionProperties) = preSolution
		HideSolutionNode = FALSE
	EndGlobalSection
	GlobalSection(ExtensibilityGlobals) = postSolution
		SolutionGuid = {D5B4E3DD-74F3-4C51-A2AD-49841AD0B036}
	EndGlobalSection
EndGlobal
